<Solution>
  <Folder Name="/src/">
    <Project Path="src/FlexCms.Core/FlexCms.Core.csproj" />
    <Project Path="src/FlexCms.Framework/FlexCms.Framework.csproj" />
    <Project Path="src/FlexCms.Host/FlexCms.Host.csproj" />
  </Folder>
  <Folder Name="/tests/">
    <Project Path="tests/FlexCms.Tests.Integration/FlexCms.Tests.Integration.csproj" />
    <Project Path="tests/FlexCms.Tests.Unit/FlexCms.Tests.Unit.csproj" />
  </Folder>
  <Folder Name="/samples/">
    <Project Path="samples/FlexCms.Sample.Hello/FlexCms.Sample.Hello.csproj" />
  </Folder>
  <Folder Name="/templates/">
    <Project Path="templates/flexcms-module/FlexCms.Templates.csproj" />
  </Folder>
</Solution>
